// !$*UTF8*$!
{
	archiveVersion = 1;
	classes = {
	};
	objectVersion = 56;
	objects = {

/* Begin PBXBuildFile section */
		BEB04AA42AB0886A0087CCA1 /* ViewController.swift in Sources */ = {isa = PBXBuildFile; fileRef = BEB04AA32AB0886A0087CCA1 /* ViewController.swift */; };
		BEB04AA72AB0886A0087CCA1 /* Main.storyboard in Resources */ = {isa = PBXBuildFile; fileRef = BEB04AA52AB0886A0087CCA1 /* Main.storyboard */; };
		BEB04AA92AB0886B0087CCA1 /* Assets.xcassets in Resources */ = {isa = PBXBuildFile; fileRef = BEB04AA82AB0886B0087CCA1 /* Assets.xcassets */; };
		BEB04AAC2AB0886B0087CCA1 /* LaunchScreen.storyboard in Resources */ = {isa = PBXBuildFile; fileRef = BEB04AAA2AB0886B0087CCA1 /* LaunchScreen.storyboard */; };
		BEB04AB72AB0886B0087CCA1 /* marvelTests.swift in Sources */ = {isa = PBXBuildFile; fileRef = BEB04AB62AB0886B0087CCA1 /* marvelTests.swift */; };
		BEB04AC12AB0886B0087CCA1 /* marvelUITests.swift in Sources */ = {isa = PBXBuildFile; fileRef = BEB04AC02AB0886B0087CCA1 /* marvelUITests.swift */; };
		BEB04AC32AB0886B0087CCA1 /* marvelUITestsLaunchTests.swift in Sources */ = {isa = PBXBuildFile; fileRef = BEB04AC22AB0886B0087CCA1 /* marvelUITestsLaunchTests.swift */; };
		BEB04AD52AB0D0F50087CCA1 /* SnapKit in Frameworks */ = {isa = PBXBuildFile; productRef = BEB04AD42AB0D0F50087CCA1 /* SnapKit */; };
		BEB04AD82AB0D12A0087CCA1 /* RxCocoa in Frameworks */ = {isa = PBXBuildFile; productRef = BEB04AD72AB0D12A0087CCA1 /* RxCocoa */; };
		BEB04ADA2AB0D12A0087CCA1 /* RxRelay in Frameworks */ = {isa = PBXBuildFile; productRef = BEB04AD92AB0D12A0087CCA1 /* RxRelay */; };
		BEB04ADC2AB0D12A0087CCA1 /* RxSwift in Frameworks */ = {isa = PBXBuildFile; productRef = BEB04ADB2AB0D12A0087CCA1 /* RxSwift */; };
		BEB04AEB2AB0D8C00087CCA1 /* Alamofire in Frameworks */ = {isa = PBXBuildFile; productRef = BEB04AEA2AB0D8C00087CCA1 /* Alamofire */; };
		BEB04B382AB0DC550087CCA1 /* UITapGestureRecognizer+.swift in Sources */ = {isa = PBXBuildFile; fileRef = BEB04AF42AB0DC550087CCA1 /* UITapGestureRecognizer+.swift */; };
		BEB04B3A2AB0DC550087CCA1 /* UINavigationController+.swift in Sources */ = {isa = PBXBuildFile; fileRef = BEB04AF52AB0DC550087CCA1 /* UINavigationController+.swift */; };
		BEB04B3C2AB0DC550087CCA1 /* CALayer+.swift in Sources */ = {isa = PBXBuildFile; fileRef = BEB04AF62AB0DC550087CCA1 /* CALayer+.swift */; };
		BEB04B3E2AB0DC550087CCA1 /* Int+.swift in Sources */ = {isa = PBXBuildFile; fileRef = BEB04AF72AB0DC550087CCA1 /* Int+.swift */; };
		BEB04B402AB0DC550087CCA1 /* UIViewController+popup..swift in Sources */ = {isa = PBXBuildFile; fileRef = BEB04AF82AB0DC550087CCA1 /* UIViewController+popup..swift */; };
		BEB04B422AB0DC550087CCA1 /* Reactive+.swift in Sources */ = {isa = PBXBuildFile; fileRef = BEB04AF92AB0DC550087CCA1 /* Reactive+.swift */; };
		BEB04B442AB0DC550087CCA1 /* Float+.swift in Sources */ = {isa = PBXBuildFile; fileRef = BEB04AFA2AB0DC550087CCA1 /* Float+.swift */; };
		BEB04B462AB0DC550087CCA1 /* UIDevice+.swift in Sources */ = {isa = PBXBuildFile; fileRef = BEB04AFB2AB0DC550087CCA1 /* UIDevice+.swift */; };
		BEB04B482AB0DC550087CCA1 /* UIFont+.swift in Sources */ = {isa = PBXBuildFile; fileRef = BEB04AFC2AB0DC550087CCA1 /* UIFont+.swift */; };
		BEB04B4A2AB0DC550087CCA1 /* UITableViewCell+.swift in Sources */ = {isa = PBXBuildFile; fileRef = BEB04AFD2AB0DC550087CCA1 /* UITableViewCell+.swift */; };
		BEB04B4C2AB0DC550087CCA1 /* Encodable+.swift in Sources */ = {isa = PBXBuildFile; fileRef = BEB04AFE2AB0DC550087CCA1 /* Encodable+.swift */; };
		BEB04B4E2AB0DC550087CCA1 /* UISegmentedControl+.swift in Sources */ = {isa = PBXBuildFile; fileRef = BEB04AFF2AB0DC550087CCA1 /* UISegmentedControl+.swift */; };
		BEB04B502AB0DC550087CCA1 /* UITextView+.swift in Sources */ = {isa = PBXBuildFile; fileRef = BEB04B002AB0DC550087CCA1 /* UITextView+.swift */; };
		BEB04B522AB0DC550087CCA1 /* UIBezierPath+.swift in Sources */ = {isa = PBXBuildFile; fileRef = BEB04B012AB0DC550087CCA1 /* UIBezierPath+.swift */; };
		BEB04B542AB0DC550087CCA1 /* UIView+.swift in Sources */ = {isa = PBXBuildFile; fileRef = BEB04B022AB0DC550087CCA1 /* UIView+.swift */; };
		BEB04B562AB0DC550087CCA1 /* String+.swift in Sources */ = {isa = PBXBuildFile; fileRef = BEB04B032AB0DC550087CCA1 /* String+.swift */; };
		BEB04B582AB0DC550087CCA1 /* NSMutableAttributedString+.swift in Sources */ = {isa = PBXBuildFile; fileRef = BEB04B042AB0DC550087CCA1 /* NSMutableAttributedString+.swift */; };
		BEB04B5A2AB0DC550087CCA1 /* UIWindow+.swift in Sources */ = {isa = PBXBuildFile; fileRef = BEB04B052AB0DC550087CCA1 /* UIWindow+.swift */; };
		BEB04B5C2AB0DC550087CCA1 /* Data+.swift in Sources */ = {isa = PBXBuildFile; fileRef = BEB04B062AB0DC550087CCA1 /* Data+.swift */; };
		BEB04B5E2AB0DC550087CCA1 /* UIImageView+.swift in Sources */ = {isa = PBXBuildFile; fileRef = BEB04B072AB0DC550087CCA1 /* UIImageView+.swift */; };
		BEB04B602AB0DC550087CCA1 /* UIViewController+.swift in Sources */ = {isa = PBXBuildFile; fileRef = BEB04B082AB0DC550087CCA1 /* UIViewController+.swift */; };
		BEB04B622AB0DC550087CCA1 /* Dictionary+.swift in Sources */ = {isa = PBXBuildFile; fileRef = BEB04B092AB0DC550087CCA1 /* Dictionary+.swift */; };
		BEB04B642AB0DC550087CCA1 /* UILabel+.swift in Sources */ = {isa = PBXBuildFile; fileRef = BEB04B0A2AB0DC550087CCA1 /* UILabel+.swift */; };
		BEB04B662AB0DC550087CCA1 /* UIbutton+.swift in Sources */ = {isa = PBXBuildFile; fileRef = BEB04B0B2AB0DC550087CCA1 /* UIbutton+.swift */; };
		BEB04B682AB0DC550087CCA1 /* UICollectionView+.swift in Sources */ = {isa = PBXBuildFile; fileRef = BEB04B0C2AB0DC550087CCA1 /* UICollectionView+.swift */; };
		BEB04B6A2AB0DC550087CCA1 /* UIScrollView+.swift in Sources */ = {isa = PBXBuildFile; fileRef = BEB04B0D2AB0DC550087CCA1 /* UIScrollView+.swift */; };
		BEB04B6C2AB0DC550087CCA1 /* UITextField+.swift in Sources */ = {isa = PBXBuildFile; fileRef = BEB04B0E2AB0DC550087CCA1 /* UITextField+.swift */; };
		BEB04B6E2AB0DC550087CCA1 /* Date+.swift in Sources */ = {isa = PBXBuildFile; fileRef = BEB04B0F2AB0DC550087CCA1 /* Date+.swift */; };
		BEB04B702AB0DC550087CCA1 /* UIImage+.swift in Sources */ = {isa = PBXBuildFile; fileRef = BEB04B102AB0DC550087CCA1 /* UIImage+.swift */; };
		BEB04B722AB0DC550087CCA1 /* UIControl+.swift in Sources */ = {isa = PBXBuildFile; fileRef = BEB04B112AB0DC550087CCA1 /* UIControl+.swift */; };
		BEB04B742AB0DC550087CCA1 /* UITableView+.swift in Sources */ = {isa = PBXBuildFile; fileRef = BEB04B122AB0DC550087CCA1 /* UITableView+.swift */; };
		BEB04B762AB0DC550087CCA1 /* UIApplication+.swift in Sources */ = {isa = PBXBuildFile; fileRef = BEB04B132AB0DC550087CCA1 /* UIApplication+.swift */; };
		BEB04B782AB0DC550087CCA1 /* UIColor+.swift in Sources */ = {isa = PBXBuildFile; fileRef = BEB04B142AB0DC550087CCA1 /* UIColor+.swift */; };
		BEB04B7A2AB0DC550087CCA1 /* UIScreen+.swift in Sources */ = {isa = PBXBuildFile; fileRef = BEB04B152AB0DC550087CCA1 /* UIScreen+.swift */; };
		BEB04B7C2AB0DC550087CCA1 /* UrlList.swift in Sources */ = {isa = PBXBuildFile; fileRef = BEB04B172AB0DC550087CCA1 /* UrlList.swift */; };
		BEB04B802AB0DC550087CCA1 /* ErrorMessage.swift in Sources */ = {isa = PBXBuildFile; fileRef = BEB04B1A2AB0DC550087CCA1 /* ErrorMessage.swift */; };
		BEB04B822AB0DC550087CCA1 /* ModelParser.swift in Sources */ = {isa = PBXBuildFile; fileRef = BEB04B1C2AB0DC550087CCA1 /* ModelParser.swift */; };
		BEB04B842AB0DC550087CCA1 /* AppManager.swift in Sources */ = {isa = PBXBuildFile; fileRef = BEB04B1E2AB0DC550087CCA1 /* AppManager.swift */; };
		BEB04B862AB0DC550087CCA1 /* NetworkManager.swift in Sources */ = {isa = PBXBuildFile; fileRef = BEB04B1F2AB0DC550087CCA1 /* NetworkManager.swift */; };
		BEB04B882AB0DC550087CCA1 /* Log.swift in Sources */ = {isa = PBXBuildFile; fileRef = BEB04B212AB0DC550087CCA1 /* Log.swift */; };
		BEB04B8A2AB0DC550087CCA1 /* Reusable.swift in Sources */ = {isa = PBXBuildFile; fileRef = BEB04B232AB0DC550087CCA1 /* Reusable.swift */; };
		BEB04B8C2AB0DC550087CCA1 /* Orientation.swift in Sources */ = {isa = PBXBuildFile; fileRef = BEB04B242AB0DC550087CCA1 /* Orientation.swift */; };
		BEB04B8E2AB0DC550087CCA1 /* BaseViewController.swift in Sources */ = {isa = PBXBuildFile; fileRef = BEB04B262AB0DC550087CCA1 /* BaseViewController.swift */; };
		BEB04B902AB0DC550087CCA1 /* BaseViewModel.swift in Sources */ = {isa = PBXBuildFile; fileRef = BEB04B272AB0DC550087CCA1 /* BaseViewModel.swift */; };
		BEB04B922AB0DC550087CCA1 /* BaseNavigationController.swift in Sources */ = {isa = PBXBuildFile; fileRef = BEB04B282AB0DC550087CCA1 /* BaseNavigationController.swift */; };
		BEB04B942AB0DC550087CCA1 /* BaseCoordinator.swift in Sources */ = {isa = PBXBuildFile; fileRef = BEB04B292AB0DC550087CCA1 /* BaseCoordinator.swift */; };
		BEB04B962AB0DC550087CCA1 /* BaseView.swift in Sources */ = {isa = PBXBuildFile; fileRef = BEB04B2A2AB0DC550087CCA1 /* BaseView.swift */; };
		BEB04B982AB0DC550087CCA1 /* AppCoordinator.swift in Sources */ = {isa = PBXBuildFile; fileRef = BEB04B2C2AB0DC550087CCA1 /* AppCoordinator.swift */; };
		BEB04B9A2AB0DC550087CCA1 /* AppDelegate.swift in Sources */ = {isa = PBXBuildFile; fileRef = BEB04B2D2AB0DC550087CCA1 /* AppDelegate.swift */; };
		BEB04B9C2AB0DC550087CCA1 /* SceneDelegate.swift in Sources */ = {isa = PBXBuildFile; fileRef = BEB04B2E2AB0DC550087CCA1 /* SceneDelegate.swift */; };
		BEB04B9E2AB0DC550087CCA1 /* SearchViewModel.swift in Sources */ = {isa = PBXBuildFile; fileRef = BEB04B322AB0DC550087CCA1 /* SearchViewModel.swift */; };
		BEB04BA02AB0DC550087CCA1 /* SearchCoordinator.swift in Sources */ = {isa = PBXBuildFile; fileRef = BEB04B342AB0DC550087CCA1 /* SearchCoordinator.swift */; };
		BEB04BA22AB0DC550087CCA1 /* SearchViewController.swift in Sources */ = {isa = PBXBuildFile; fileRef = BEB04B372AB0DC550087CCA1 /* SearchViewController.swift */; };
		BEB04BAA2AB0DE6F0087CCA1 /* ErrorModel.swift in Sources */ = {isa = PBXBuildFile; fileRef = BEB04BA82AB0DE6F0087CCA1 /* ErrorModel.swift */; };
		BEB04BAB2AB0DE6F0087CCA1 /* ErrorModel.swift in Sources */ = {isa = PBXBuildFile; fileRef = BEB04BA82AB0DE6F0087CCA1 /* ErrorModel.swift */; };
		BEB04BB72AB0EB980087CCA1 /* SearchRepository.swift in Sources */ = {isa = PBXBuildFile; fileRef = BEB04BAF2AB0EB980087CCA1 /* SearchRepository.swift */; };
		BEB04BB82AB0EB980087CCA1 /* BaseUseCase.swift in Sources */ = {isa = PBXBuildFile; fileRef = BEB04BB12AB0EB980087CCA1 /* BaseUseCase.swift */; };
		BEB04BB92AB0EB980087CCA1 /* SearchUseCase.swift in Sources */ = {isa = PBXBuildFile; fileRef = BEB04BB32AB0EB980087CCA1 /* SearchUseCase.swift */; };
		BEB04BBA2AB0EB980087CCA1 /* ResultModel.swift in Sources */ = {isa = PBXBuildFile; fileRef = BEB04BB62AB0EB980087CCA1 /* ResultModel.swift */; };
		BEB04BBC2AB0FBBF0087CCA1 /* TabCoordinator.swift in Sources */ = {isa = PBXBuildFile; fileRef = BEB04BBB2AB0FBBF0087CCA1 /* TabCoordinator.swift */; };
		BEB04BBE2AB0FBF00087CCA1 /* TabPage.swift in Sources */ = {isa = PBXBuildFile; fileRef = BEB04BBD2AB0FBEF0087CCA1 /* TabPage.swift */; };
		BEB04BC02AB1056F0087CCA1 /* MD5.swift in Sources */ = {isa = PBXBuildFile; fileRef = BEB04BBF2AB1056F0087CCA1 /* MD5.swift */; };
		BEB04BC22AB110280087CCA1 /* DataModel.swift in Sources */ = {isa = PBXBuildFile; fileRef = BEB04BC12AB110280087CCA1 /* DataModel.swift */; };
		BEB04BC42AB112900087CCA1 /* SearchModel.swift in Sources */ = {isa = PBXBuildFile; fileRef = BEB04BC32AB112900087CCA1 /* SearchModel.swift */; };
		BEB04BC72AB1146A0087CCA1 /* CollectionContainerView.swift in Sources */ = {isa = PBXBuildFile; fileRef = BEB04BC62AB1146A0087CCA1 /* CollectionContainerView.swift */; };
		BEB04BC92AB11AFE0087CCA1 /* CollectionViewCell.swift in Sources */ = {isa = PBXBuildFile; fileRef = BEB04BC82AB11AFE0087CCA1 /* CollectionViewCell.swift */; };
		BEB04BCF2AB121B80087CCA1 /* Kingfisher in Frameworks */ = {isa = PBXBuildFile; productRef = BEB04BCE2AB121B80087CCA1 /* Kingfisher */; };
		BEB04BD12AB183150087CCA1 /* DefaultSearchRepository.swift in Sources */ = {isa = PBXBuildFile; fileRef = BEB04BD02AB183150087CCA1 /* DefaultSearchRepository.swift */; };
		BEB04BD32AB190170087CCA1 /* DefaultSearchUseCase.swift in Sources */ = {isa = PBXBuildFile; fileRef = BEB04BD22AB190170087CCA1 /* DefaultSearchUseCase.swift */; };
		BEB04BD62AB1A4A10087CCA1 /* Nuke in Frameworks */ = {isa = PBXBuildFile; productRef = BEB04BD52AB1A4A10087CCA1 /* Nuke */; };
		BEB04BDD2AB1CCF50087CCA1 /* FavoriteViewController.swift in Sources */ = {isa = PBXBuildFile; fileRef = BEB04BDC2AB1CCF50087CCA1 /* FavoriteViewController.swift */; };
		BEB04BDF2AB1CD050087CCA1 /* FavoriteCoordinator.swift in Sources */ = {isa = PBXBuildFile; fileRef = BEB04BDE2AB1CD050087CCA1 /* FavoriteCoordinator.swift */; };
		BEB04BE12AB1CD110087CCA1 /* FavoriteViewModel.swift in Sources */ = {isa = PBXBuildFile; fileRef = BEB04BE02AB1CD110087CCA1 /* FavoriteViewModel.swift */; };
/* End PBXBuildFile section */

/* Begin PBXContainerItemProxy section */
		BEB04AB32AB0886B0087CCA1 /* PBXContainerItemProxy */ = {
			isa = PBXContainerItemProxy;
			containerPortal = BEB04A942AB0886A0087CCA1 /* Project object */;
			proxyType = 1;
			remoteGlobalIDString = BEB04A9B2AB0886A0087CCA1;
			remoteInfo = marvel;
		};
		BEB04ABD2AB0886B0087CCA1 /* PBXContainerItemProxy */ = {
			isa = PBXContainerItemProxy;
			containerPortal = BEB04A942AB0886A0087CCA1 /* Project object */;
			proxyType = 1;
			remoteGlobalIDString = BEB04A9B2AB0886A0087CCA1;
			remoteInfo = marvel;
		};
/* End PBXContainerItemProxy section */

/* Begin PBXFileReference section */
		BEB04A9C2AB0886A0087CCA1 /* marvel.app */ = {isa = PBXFileReference; explicitFileType = wrapper.application; includeInIndex = 0; path = marvel.app; sourceTree = BUILT_PRODUCTS_DIR; };
		BEB04AA32AB0886A0087CCA1 /* ViewController.swift */ = {isa = PBXFileReference; lastKnownFileType = sourcecode.swift; path = ViewController.swift; sourceTree = "<group>"; };
		BEB04AA62AB0886A0087CCA1 /* Base */ = {isa = PBXFileReference; lastKnownFileType = file.storyboard; name = Base; path = Base.lproj/Main.storyboard; sourceTree = "<group>"; };
		BEB04AA82AB0886B0087CCA1 /* Assets.xcassets */ = {isa = PBXFileReference; lastKnownFileType = folder.assetcatalog; path = Assets.xcassets; sourceTree = "<group>"; };
		BEB04AAB2AB0886B0087CCA1 /* Base */ = {isa = PBXFileReference; lastKnownFileType = file.storyboard; name = Base; path = Base.lproj/LaunchScreen.storyboard; sourceTree = "<group>"; };
		BEB04AAD2AB0886B0087CCA1 /* Info.plist */ = {isa = PBXFileReference; lastKnownFileType = text.plist.xml; path = Info.plist; sourceTree = "<group>"; };
		BEB04AB22AB0886B0087CCA1 /* marvelTests.xctest */ = {isa = PBXFileReference; explicitFileType = wrapper.cfbundle; includeInIndex = 0; path = marvelTests.xctest; sourceTree = BUILT_PRODUCTS_DIR; };
		BEB04AB62AB0886B0087CCA1 /* marvelTests.swift */ = {isa = PBXFileReference; lastKnownFileType = sourcecode.swift; path = marvelTests.swift; sourceTree = "<group>"; };
		BEB04ABC2AB0886B0087CCA1 /* marvelUITests.xctest */ = {isa = PBXFileReference; explicitFileType = wrapper.cfbundle; includeInIndex = 0; path = marvelUITests.xctest; sourceTree = BUILT_PRODUCTS_DIR; };
		BEB04AC02AB0886B0087CCA1 /* marvelUITests.swift */ = {isa = PBXFileReference; lastKnownFileType = sourcecode.swift; path = marvelUITests.swift; sourceTree = "<group>"; };
		BEB04AC22AB0886B0087CCA1 /* marvelUITestsLaunchTests.swift */ = {isa = PBXFileReference; lastKnownFileType = sourcecode.swift; path = marvelUITestsLaunchTests.swift; sourceTree = "<group>"; };
		BEB04AF42AB0DC550087CCA1 /* UITapGestureRecognizer+.swift */ = {isa = PBXFileReference; fileEncoding = 4; lastKnownFileType = sourcecode.swift; path = "UITapGestureRecognizer+.swift"; sourceTree = "<group>"; };
		BEB04AF52AB0DC550087CCA1 /* UINavigationController+.swift */ = {isa = PBXFileReference; fileEncoding = 4; lastKnownFileType = sourcecode.swift; path = "UINavigationController+.swift"; sourceTree = "<group>"; };
		BEB04AF62AB0DC550087CCA1 /* CALayer+.swift */ = {isa = PBXFileReference; fileEncoding = 4; lastKnownFileType = sourcecode.swift; path = "CALayer+.swift"; sourceTree = "<group>"; };
		BEB04AF72AB0DC550087CCA1 /* Int+.swift */ = {isa = PBXFileReference; fileEncoding = 4; lastKnownFileType = sourcecode.swift; path = "Int+.swift"; sourceTree = "<group>"; };
		BEB04AF82AB0DC550087CCA1 /* UIViewController+popup..swift */ = {isa = PBXFileReference; fileEncoding = 4; lastKnownFileType = sourcecode.swift; path = "UIViewController+popup..swift"; sourceTree = "<group>"; };
		BEB04AF92AB0DC550087CCA1 /* Reactive+.swift */ = {isa = PBXFileReference; fileEncoding = 4; lastKnownFileType = sourcecode.swift; path = "Reactive+.swift"; sourceTree = "<group>"; };
		BEB04AFA2AB0DC550087CCA1 /* Float+.swift */ = {isa = PBXFileReference; fileEncoding = 4; lastKnownFileType = sourcecode.swift; path = "Float+.swift"; sourceTree = "<group>"; };
		BEB04AFB2AB0DC550087CCA1 /* UIDevice+.swift */ = {isa = PBXFileReference; fileEncoding = 4; lastKnownFileType = sourcecode.swift; path = "UIDevice+.swift"; sourceTree = "<group>"; };
		BEB04AFC2AB0DC550087CCA1 /* UIFont+.swift */ = {isa = PBXFileReference; fileEncoding = 4; lastKnownFileType = sourcecode.swift; path = "UIFont+.swift"; sourceTree = "<group>"; };
		BEB04AFD2AB0DC550087CCA1 /* UITableViewCell+.swift */ = {isa = PBXFileReference; fileEncoding = 4; lastKnownFileType = sourcecode.swift; path = "UITableViewCell+.swift"; sourceTree = "<group>"; };
		BEB04AFE2AB0DC550087CCA1 /* Encodable+.swift */ = {isa = PBXFileReference; fileEncoding = 4; lastKnownFileType = sourcecode.swift; path = "Encodable+.swift"; sourceTree = "<group>"; };
		BEB04AFF2AB0DC550087CCA1 /* UISegmentedControl+.swift */ = {isa = PBXFileReference; fileEncoding = 4; lastKnownFileType = sourcecode.swift; path = "UISegmentedControl+.swift"; sourceTree = "<group>"; };
		BEB04B002AB0DC550087CCA1 /* UITextView+.swift */ = {isa = PBXFileReference; fileEncoding = 4; lastKnownFileType = sourcecode.swift; path = "UITextView+.swift"; sourceTree = "<group>"; };
		BEB04B012AB0DC550087CCA1 /* UIBezierPath+.swift */ = {isa = PBXFileReference; fileEncoding = 4; lastKnownFileType = sourcecode.swift; path = "UIBezierPath+.swift"; sourceTree = "<group>"; };
		BEB04B022AB0DC550087CCA1 /* UIView+.swift */ = {isa = PBXFileReference; fileEncoding = 4; lastKnownFileType = sourcecode.swift; path = "UIView+.swift"; sourceTree = "<group>"; };
		BEB04B032AB0DC550087CCA1 /* String+.swift */ = {isa = PBXFileReference; fileEncoding = 4; lastKnownFileType = sourcecode.swift; path = "String+.swift"; sourceTree = "<group>"; };
		BEB04B042AB0DC550087CCA1 /* NSMutableAttributedString+.swift */ = {isa = PBXFileReference; fileEncoding = 4; lastKnownFileType = sourcecode.swift; path = "NSMutableAttributedString+.swift"; sourceTree = "<group>"; };
		BEB04B052AB0DC550087CCA1 /* UIWindow+.swift */ = {isa = PBXFileReference; fileEncoding = 4; lastKnownFileType = sourcecode.swift; path = "UIWindow+.swift"; sourceTree = "<group>"; };
		BEB04B062AB0DC550087CCA1 /* Data+.swift */ = {isa = PBXFileReference; fileEncoding = 4; lastKnownFileType = sourcecode.swift; path = "Data+.swift"; sourceTree = "<group>"; };
		BEB04B072AB0DC550087CCA1 /* UIImageView+.swift */ = {isa = PBXFileReference; fileEncoding = 4; lastKnownFileType = sourcecode.swift; path = "UIImageView+.swift"; sourceTree = "<group>"; };
		BEB04B082AB0DC550087CCA1 /* UIViewController+.swift */ = {isa = PBXFileReference; fileEncoding = 4; lastKnownFileType = sourcecode.swift; path = "UIViewController+.swift"; sourceTree = "<group>"; };
		BEB04B092AB0DC550087CCA1 /* Dictionary+.swift */ = {isa = PBXFileReference; fileEncoding = 4; lastKnownFileType = sourcecode.swift; path = "Dictionary+.swift"; sourceTree = "<group>"; };
		BEB04B0A2AB0DC550087CCA1 /* UILabel+.swift */ = {isa = PBXFileReference; fileEncoding = 4; lastKnownFileType = sourcecode.swift; path = "UILabel+.swift"; sourceTree = "<group>"; };
		BEB04B0B2AB0DC550087CCA1 /* UIbutton+.swift */ = {isa = PBXFileReference; fileEncoding = 4; lastKnownFileType = sourcecode.swift; path = "UIbutton+.swift"; sourceTree = "<group>"; };
		BEB04B0C2AB0DC550087CCA1 /* UICollectionView+.swift */ = {isa = PBXFileReference; fileEncoding = 4; lastKnownFileType = sourcecode.swift; path = "UICollectionView+.swift"; sourceTree = "<group>"; };
		BEB04B0D2AB0DC550087CCA1 /* UIScrollView+.swift */ = {isa = PBXFileReference; fileEncoding = 4; lastKnownFileType = sourcecode.swift; path = "UIScrollView+.swift"; sourceTree = "<group>"; };
		BEB04B0E2AB0DC550087CCA1 /* UITextField+.swift */ = {isa = PBXFileReference; fileEncoding = 4; lastKnownFileType = sourcecode.swift; path = "UITextField+.swift"; sourceTree = "<group>"; };
		BEB04B0F2AB0DC550087CCA1 /* Date+.swift */ = {isa = PBXFileReference; fileEncoding = 4; lastKnownFileType = sourcecode.swift; path = "Date+.swift"; sourceTree = "<group>"; };
		BEB04B102AB0DC550087CCA1 /* UIImage+.swift */ = {isa = PBXFileReference; fileEncoding = 4; lastKnownFileType = sourcecode.swift; path = "UIImage+.swift"; sourceTree = "<group>"; };
		BEB04B112AB0DC550087CCA1 /* UIControl+.swift */ = {isa = PBXFileReference; fileEncoding = 4; lastKnownFileType = sourcecode.swift; path = "UIControl+.swift"; sourceTree = "<group>"; };
		BEB04B122AB0DC550087CCA1 /* UITableView+.swift */ = {isa = PBXFileReference; fileEncoding = 4; lastKnownFileType = sourcecode.swift; path = "UITableView+.swift"; sourceTree = "<group>"; };
		BEB04B132AB0DC550087CCA1 /* UIApplication+.swift */ = {isa = PBXFileReference; fileEncoding = 4; lastKnownFileType = sourcecode.swift; path = "UIApplication+.swift"; sourceTree = "<group>"; };
		BEB04B142AB0DC550087CCA1 /* UIColor+.swift */ = {isa = PBXFileReference; fileEncoding = 4; lastKnownFileType = sourcecode.swift; path = "UIColor+.swift"; sourceTree = "<group>"; };
		BEB04B152AB0DC550087CCA1 /* UIScreen+.swift */ = {isa = PBXFileReference; fileEncoding = 4; lastKnownFileType = sourcecode.swift; path = "UIScreen+.swift"; sourceTree = "<group>"; };
		BEB04B172AB0DC550087CCA1 /* UrlList.swift */ = {isa = PBXFileReference; fileEncoding = 4; lastKnownFileType = sourcecode.swift; path = UrlList.swift; sourceTree = "<group>"; };
		BEB04B1A2AB0DC550087CCA1 /* ErrorMessage.swift */ = {isa = PBXFileReference; fileEncoding = 4; lastKnownFileType = sourcecode.swift; path = ErrorMessage.swift; sourceTree = "<group>"; };
		BEB04B1C2AB0DC550087CCA1 /* ModelParser.swift */ = {isa = PBXFileReference; fileEncoding = 4; lastKnownFileType = sourcecode.swift; path = ModelParser.swift; sourceTree = "<group>"; };
		BEB04B1E2AB0DC550087CCA1 /* AppManager.swift */ = {isa = PBXFileReference; fileEncoding = 4; lastKnownFileType = sourcecode.swift; path = AppManager.swift; sourceTree = "<group>"; };
		BEB04B1F2AB0DC550087CCA1 /* NetworkManager.swift */ = {isa = PBXFileReference; fileEncoding = 4; lastKnownFileType = sourcecode.swift; path = NetworkManager.swift; sourceTree = "<group>"; };
		BEB04B212AB0DC550087CCA1 /* Log.swift */ = {isa = PBXFileReference; fileEncoding = 4; lastKnownFileType = sourcecode.swift; path = Log.swift; sourceTree = "<group>"; };
		BEB04B232AB0DC550087CCA1 /* Reusable.swift */ = {isa = PBXFileReference; fileEncoding = 4; lastKnownFileType = sourcecode.swift; path = Reusable.swift; sourceTree = "<group>"; };
		BEB04B242AB0DC550087CCA1 /* Orientation.swift */ = {isa = PBXFileReference; fileEncoding = 4; lastKnownFileType = sourcecode.swift; path = Orientation.swift; sourceTree = "<group>"; };
		BEB04B262AB0DC550087CCA1 /* BaseViewController.swift */ = {isa = PBXFileReference; fileEncoding = 4; lastKnownFileType = sourcecode.swift; path = BaseViewController.swift; sourceTree = "<group>"; };
		BEB04B272AB0DC550087CCA1 /* BaseViewModel.swift */ = {isa = PBXFileReference; fileEncoding = 4; lastKnownFileType = sourcecode.swift; path = BaseViewModel.swift; sourceTree = "<group>"; };
		BEB04B282AB0DC550087CCA1 /* BaseNavigationController.swift */ = {isa = PBXFileReference; fileEncoding = 4; lastKnownFileType = sourcecode.swift; path = BaseNavigationController.swift; sourceTree = "<group>"; };
		BEB04B292AB0DC550087CCA1 /* BaseCoordinator.swift */ = {isa = PBXFileReference; fileEncoding = 4; lastKnownFileType = sourcecode.swift; path = BaseCoordinator.swift; sourceTree = "<group>"; };
		BEB04B2A2AB0DC550087CCA1 /* BaseView.swift */ = {isa = PBXFileReference; fileEncoding = 4; lastKnownFileType = sourcecode.swift; path = BaseView.swift; sourceTree = "<group>"; };
		BEB04B2C2AB0DC550087CCA1 /* AppCoordinator.swift */ = {isa = PBXFileReference; fileEncoding = 4; lastKnownFileType = sourcecode.swift; path = AppCoordinator.swift; sourceTree = "<group>"; };
		BEB04B2D2AB0DC550087CCA1 /* AppDelegate.swift */ = {isa = PBXFileReference; fileEncoding = 4; lastKnownFileType = sourcecode.swift; path = AppDelegate.swift; sourceTree = "<group>"; };
		BEB04B2E2AB0DC550087CCA1 /* SceneDelegate.swift */ = {isa = PBXFileReference; fileEncoding = 4; lastKnownFileType = sourcecode.swift; path = SceneDelegate.swift; sourceTree = "<group>"; };
		BEB04B322AB0DC550087CCA1 /* SearchViewModel.swift */ = {isa = PBXFileReference; fileEncoding = 4; lastKnownFileType = sourcecode.swift; path = SearchViewModel.swift; sourceTree = "<group>"; };
		BEB04B342AB0DC550087CCA1 /* SearchCoordinator.swift */ = {isa = PBXFileReference; fileEncoding = 4; lastKnownFileType = sourcecode.swift; path = SearchCoordinator.swift; sourceTree = "<group>"; };
		BEB04B372AB0DC550087CCA1 /* SearchViewController.swift */ = {isa = PBXFileReference; fileEncoding = 4; lastKnownFileType = sourcecode.swift; path = SearchViewController.swift; sourceTree = "<group>"; };
		BEB04BA82AB0DE6F0087CCA1 /* ErrorModel.swift */ = {isa = PBXFileReference; fileEncoding = 4; lastKnownFileType = sourcecode.swift; path = ErrorModel.swift; sourceTree = "<group>"; };
		BEB04BAF2AB0EB980087CCA1 /* SearchRepository.swift */ = {isa = PBXFileReference; fileEncoding = 4; lastKnownFileType = sourcecode.swift; path = SearchRepository.swift; sourceTree = "<group>"; };
		BEB04BB12AB0EB980087CCA1 /* BaseUseCase.swift */ = {isa = PBXFileReference; fileEncoding = 4; lastKnownFileType = sourcecode.swift; path = BaseUseCase.swift; sourceTree = "<group>"; };
		BEB04BB32AB0EB980087CCA1 /* SearchUseCase.swift */ = {isa = PBXFileReference; fileEncoding = 4; lastKnownFileType = sourcecode.swift; path = SearchUseCase.swift; sourceTree = "<group>"; };
		BEB04BB62AB0EB980087CCA1 /* ResultModel.swift */ = {isa = PBXFileReference; fileEncoding = 4; lastKnownFileType = sourcecode.swift; path = ResultModel.swift; sourceTree = "<group>"; };
		BEB04BBB2AB0FBBF0087CCA1 /* TabCoordinator.swift */ = {isa = PBXFileReference; lastKnownFileType = sourcecode.swift; path = TabCoordinator.swift; sourceTree = "<group>"; };
		BEB04BBD2AB0FBEF0087CCA1 /* TabPage.swift */ = {isa = PBXFileReference; lastKnownFileType = sourcecode.swift; path = TabPage.swift; sourceTree = "<group>"; };
		BEB04BBF2AB1056F0087CCA1 /* MD5.swift */ = {isa = PBXFileReference; lastKnownFileType = sourcecode.swift; path = MD5.swift; sourceTree = "<group>"; };
		BEB04BC12AB110280087CCA1 /* DataModel.swift */ = {isa = PBXFileReference; lastKnownFileType = sourcecode.swift; path = DataModel.swift; sourceTree = "<group>"; };
		BEB04BC32AB112900087CCA1 /* SearchModel.swift */ = {isa = PBXFileReference; lastKnownFileType = sourcecode.swift; path = SearchModel.swift; sourceTree = "<group>"; };
		BEB04BC62AB1146A0087CCA1 /* CollectionContainerView.swift */ = {isa = PBXFileReference; lastKnownFileType = sourcecode.swift; path = CollectionContainerView.swift; sourceTree = "<group>"; };
		BEB04BC82AB11AFE0087CCA1 /* CollectionViewCell.swift */ = {isa = PBXFileReference; lastKnownFileType = sourcecode.swift; path = CollectionViewCell.swift; sourceTree = "<group>"; };
		BEB04BD02AB183150087CCA1 /* DefaultSearchRepository.swift */ = {isa = PBXFileReference; lastKnownFileType = sourcecode.swift; path = DefaultSearchRepository.swift; sourceTree = "<group>"; };
		BEB04BD22AB190170087CCA1 /* DefaultSearchUseCase.swift */ = {isa = PBXFileReference; lastKnownFileType = sourcecode.swift; path = DefaultSearchUseCase.swift; sourceTree = "<group>"; };
		BEB04BDC2AB1CCF50087CCA1 /* FavoriteViewController.swift */ = {isa = PBXFileReference; lastKnownFileType = sourcecode.swift; path = FavoriteViewController.swift; sourceTree = "<group>"; };
		BEB04BDE2AB1CD050087CCA1 /* FavoriteCoordinator.swift */ = {isa = PBXFileReference; lastKnownFileType = sourcecode.swift; path = FavoriteCoordinator.swift; sourceTree = "<group>"; };
		BEB04BE02AB1CD110087CCA1 /* FavoriteViewModel.swift */ = {isa = PBXFileReference; lastKnownFileType = sourcecode.swift; path = FavoriteViewModel.swift; sourceTree = "<group>"; };
/* End PBXFileReference section */

/* Begin PBXFrameworksBuildPhase section */
		BEB04A992AB0886A0087CCA1 /* Frameworks */ = {
			isa = PBXFrameworksBuildPhase;
			buildActionMask = 2147483647;
			files = (
				BEB04BCF2AB121B80087CCA1 /* Kingfisher in Frameworks */,
				BEB04ADA2AB0D12A0087CCA1 /* RxRelay in Frameworks */,
				BEB04BD62AB1A4A10087CCA1 /* Nuke in Frameworks */,
				BEB04AD82AB0D12A0087CCA1 /* RxCocoa in Frameworks */,
				BEB04AEB2AB0D8C00087CCA1 /* Alamofire in Frameworks */,
				BEB04ADC2AB0D12A0087CCA1 /* RxSwift in Frameworks */,
				BEB04AD52AB0D0F50087CCA1 /* SnapKit in Frameworks */,
			);
			runOnlyForDeploymentPostprocessing = 0;
		};
		BEB04AAF2AB0886B0087CCA1 /* Frameworks */ = {
			isa = PBXFrameworksBuildPhase;
			buildActionMask = 2147483647;
			files = (
			);
			runOnlyForDeploymentPostprocessing = 0;
		};
		BEB04AB92AB0886B0087CCA1 /* Frameworks */ = {
			isa = PBXFrameworksBuildPhase;
			buildActionMask = 2147483647;
			files = (
			);
			runOnlyForDeploymentPostprocessing = 0;
		};
/* End PBXFrameworksBuildPhase section */

/* Begin PBXGroup section */
		BEB04A932AB0886A0087CCA1 = {
			isa = PBXGroup;
			children = (
				BEB04A9E2AB0886A0087CCA1 /* marvel */,
				BEB04AB52AB0886B0087CCA1 /* marvelTests */,
				BEB04ABF2AB0886B0087CCA1 /* marvelUITests */,
				BEB04A9D2AB0886A0087CCA1 /* Products */,
			);
			sourceTree = "<group>";
		};
		BEB04A9D2AB0886A0087CCA1 /* Products */ = {
			isa = PBXGroup;
			children = (
				BEB04A9C2AB0886A0087CCA1 /* marvel.app */,
				BEB04AB22AB0886B0087CCA1 /* marvelTests.xctest */,
				BEB04ABC2AB0886B0087CCA1 /* marvelUITests.xctest */,
			);
			name = Products;
			sourceTree = "<group>";
		};
		BEB04A9E2AB0886A0087CCA1 /* marvel */ = {
			isa = PBXGroup;
			children = (
				BEB04BAC2AB0EB980087CCA1 /* Domain */,
				BEB04BA42AB0DE6F0087CCA1 /* Data */,
				BEB04B2B2AB0DC550087CCA1 /* Application */,
				BEB04B2F2AB0DC550087CCA1 /* Presentation */,
				BEB04AF22AB0DC550087CCA1 /* Utilities */,
				BEB04AA32AB0886A0087CCA1 /* ViewController.swift */,
				BEB04AA52AB0886A0087CCA1 /* Main.storyboard */,
				BEB04AA82AB0886B0087CCA1 /* Assets.xcassets */,
				BEB04AAA2AB0886B0087CCA1 /* LaunchScreen.storyboard */,
				BEB04AAD2AB0886B0087CCA1 /* Info.plist */,
			);
			path = marvel;
			sourceTree = "<group>";
		};
		BEB04AB52AB0886B0087CCA1 /* marvelTests */ = {
			isa = PBXGroup;
			children = (
				BEB04AB62AB0886B0087CCA1 /* marvelTests.swift */,
			);
			path = marvelTests;
			sourceTree = "<group>";
		};
		BEB04ABF2AB0886B0087CCA1 /* marvelUITests */ = {
			isa = PBXGroup;
			children = (
				BEB04AC02AB0886B0087CCA1 /* marvelUITests.swift */,
				BEB04AC22AB0886B0087CCA1 /* marvelUITestsLaunchTests.swift */,
			);
			path = marvelUITests;
			sourceTree = "<group>";
		};
		BEB04AF22AB0DC550087CCA1 /* Utilities */ = {
			isa = PBXGroup;
			children = (
				BEB04AF32AB0DC550087CCA1 /* Extension */,
				BEB04B162AB0DC550087CCA1 /* Network */,
				BEB04B192AB0DC550087CCA1 /* Message */,
				BEB04B1B2AB0DC550087CCA1 /* Parser */,
				BEB04B1D2AB0DC550087CCA1 /* Manager */,
				BEB04B202AB0DC550087CCA1 /* Log */,
				BEB04B222AB0DC550087CCA1 /* Method */,
				BEB04B252AB0DC550087CCA1 /* Base */,
			);
			path = Utilities;
			sourceTree = "<group>";
		};
		BEB04AF32AB0DC550087CCA1 /* Extension */ = {
			isa = PBXGroup;
			children = (
				BEB04AF42AB0DC550087CCA1 /* UITapGestureRecognizer+.swift */,
				BEB04AF52AB0DC550087CCA1 /* UINavigationController+.swift */,
				BEB04AF62AB0DC550087CCA1 /* CALayer+.swift */,
				BEB04AF72AB0DC550087CCA1 /* Int+.swift */,
				BEB04AF82AB0DC550087CCA1 /* UIViewController+popup..swift */,
				BEB04AF92AB0DC550087CCA1 /* Reactive+.swift */,
				BEB04AFA2AB0DC550087CCA1 /* Float+.swift */,
				BEB04AFB2AB0DC550087CCA1 /* UIDevice+.swift */,
				BEB04AFC2AB0DC550087CCA1 /* UIFont+.swift */,
				BEB04AFD2AB0DC550087CCA1 /* UITableViewCell+.swift */,
				BEB04AFE2AB0DC550087CCA1 /* Encodable+.swift */,
				BEB04AFF2AB0DC550087CCA1 /* UISegmentedControl+.swift */,
				BEB04B002AB0DC550087CCA1 /* UITextView+.swift */,
				BEB04B012AB0DC550087CCA1 /* UIBezierPath+.swift */,
				BEB04B022AB0DC550087CCA1 /* UIView+.swift */,
				BEB04B032AB0DC550087CCA1 /* String+.swift */,
				BEB04B042AB0DC550087CCA1 /* NSMutableAttributedString+.swift */,
				BEB04B052AB0DC550087CCA1 /* UIWindow+.swift */,
				BEB04B062AB0DC550087CCA1 /* Data+.swift */,
				BEB04B072AB0DC550087CCA1 /* UIImageView+.swift */,
				BEB04B082AB0DC550087CCA1 /* UIViewController+.swift */,
				BEB04B092AB0DC550087CCA1 /* Dictionary+.swift */,
				BEB04B0A2AB0DC550087CCA1 /* UILabel+.swift */,
				BEB04B0B2AB0DC550087CCA1 /* UIbutton+.swift */,
				BEB04B0C2AB0DC550087CCA1 /* UICollectionView+.swift */,
				BEB04B0D2AB0DC550087CCA1 /* UIScrollView+.swift */,
				BEB04B0E2AB0DC550087CCA1 /* UITextField+.swift */,
				BEB04B0F2AB0DC550087CCA1 /* Date+.swift */,
				BEB04B102AB0DC550087CCA1 /* UIImage+.swift */,
				BEB04B112AB0DC550087CCA1 /* UIControl+.swift */,
				BEB04B122AB0DC550087CCA1 /* UITableView+.swift */,
				BEB04B132AB0DC550087CCA1 /* UIApplication+.swift */,
				BEB04B142AB0DC550087CCA1 /* UIColor+.swift */,
				BEB04B152AB0DC550087CCA1 /* UIScreen+.swift */,
			);
			path = Extension;
			sourceTree = "<group>";
		};
		BEB04B162AB0DC550087CCA1 /* Network */ = {
			isa = PBXGroup;
			children = (
				BEB04B172AB0DC550087CCA1 /* UrlList.swift */,
			);
			path = Network;
			sourceTree = "<group>";
		};
		BEB04B192AB0DC550087CCA1 /* Message */ = {
			isa = PBXGroup;
			children = (
				BEB04B1A2AB0DC550087CCA1 /* ErrorMessage.swift */,
			);
			path = Message;
			sourceTree = "<group>";
		};
		BEB04B1B2AB0DC550087CCA1 /* Parser */ = {
			isa = PBXGroup;
			children = (
				BEB04B1C2AB0DC550087CCA1 /* ModelParser.swift */,
			);
			path = Parser;
			sourceTree = "<group>";
		};
		BEB04B1D2AB0DC550087CCA1 /* Manager */ = {
			isa = PBXGroup;
			children = (
				BEB04B1E2AB0DC550087CCA1 /* AppManager.swift */,
				BEB04B1F2AB0DC550087CCA1 /* NetworkManager.swift */,
			);
			path = Manager;
			sourceTree = "<group>";
		};
		BEB04B202AB0DC550087CCA1 /* Log */ = {
			isa = PBXGroup;
			children = (
				BEB04B212AB0DC550087CCA1 /* Log.swift */,
			);
			path = Log;
			sourceTree = "<group>";
		};
		BEB04B222AB0DC550087CCA1 /* Method */ = {
			isa = PBXGroup;
			children = (
				BEB04BBF2AB1056F0087CCA1 /* MD5.swift */,
				BEB04B232AB0DC550087CCA1 /* Reusable.swift */,
				BEB04B242AB0DC550087CCA1 /* Orientation.swift */,
				BEB04BBD2AB0FBEF0087CCA1 /* TabPage.swift */,
			);
			path = Method;
			sourceTree = "<group>";
		};
		BEB04B252AB0DC550087CCA1 /* Base */ = {
			isa = PBXGroup;
			children = (
				BEB04B262AB0DC550087CCA1 /* BaseViewController.swift */,
				BEB04B272AB0DC550087CCA1 /* BaseViewModel.swift */,
				BEB04B282AB0DC550087CCA1 /* BaseNavigationController.swift */,
				BEB04B292AB0DC550087CCA1 /* BaseCoordinator.swift */,
				BEB04B2A2AB0DC550087CCA1 /* BaseView.swift */,
			);
			path = Base;
			sourceTree = "<group>";
		};
		BEB04B2B2AB0DC550087CCA1 /* Application */ = {
			isa = PBXGroup;
			children = (
				BEB04B2C2AB0DC550087CCA1 /* AppCoordinator.swift */,
				BEB04B2D2AB0DC550087CCA1 /* AppDelegate.swift */,
				BEB04B2E2AB0DC550087CCA1 /* SceneDelegate.swift */,
				BEB04BBB2AB0FBBF0087CCA1 /* TabCoordinator.swift */,
			);
			path = Application;
			sourceTree = "<group>";
		};
		BEB04B2F2AB0DC550087CCA1 /* Presentation */ = {
			isa = PBXGroup;
			children = (
				BEB04BD72AB1CC390087CCA1 /* FavoriteScene */,
				BEB04BC52AB1145C0087CCA1 /* Common */,
				BEB04B302AB0DC550087CCA1 /* SearchScene */,
			);
			path = Presentation;
			sourceTree = "<group>";
		};
		BEB04B302AB0DC550087CCA1 /* SearchScene */ = {
			isa = PBXGroup;
			children = (
				BEB04B312AB0DC550087CCA1 /* ViewModel */,
				BEB04B332AB0DC550087CCA1 /* Coordinator */,
				BEB04B352AB0DC550087CCA1 /* View */,
				BEB04B362AB0DC550087CCA1 /* ViewController */,
			);
			path = SearchScene;
			sourceTree = "<group>";
		};
		BEB04B312AB0DC550087CCA1 /* ViewModel */ = {
			isa = PBXGroup;
			children = (
				BEB04B322AB0DC550087CCA1 /* SearchViewModel.swift */,
			);
			path = ViewModel;
			sourceTree = "<group>";
		};
		BEB04B332AB0DC550087CCA1 /* Coordinator */ = {
			isa = PBXGroup;
			children = (
				BEB04B342AB0DC550087CCA1 /* SearchCoordinator.swift */,
			);
			path = Coordinator;
			sourceTree = "<group>";
		};
		BEB04B352AB0DC550087CCA1 /* View */ = {
			isa = PBXGroup;
			children = (
			);
			path = View;
			sourceTree = "<group>";
		};
		BEB04B362AB0DC550087CCA1 /* ViewController */ = {
			isa = PBXGroup;
			children = (
				BEB04B372AB0DC550087CCA1 /* SearchViewController.swift */,
			);
			path = ViewController;
			sourceTree = "<group>";
		};
		BEB04BA42AB0DE6F0087CCA1 /* Data */ = {
			isa = PBXGroup;
			children = (
				BEB04BA52AB0DE6F0087CCA1 /* DataBase */,
				BEB04BA62AB0DE6F0087CCA1 /* Network */,
				BEB04BA92AB0DE6F0087CCA1 /* Repositories */,
			);
			path = Data;
			sourceTree = "<group>";
		};
		BEB04BA52AB0DE6F0087CCA1 /* DataBase */ = {
			isa = PBXGroup;
			children = (
			);
			path = DataBase;
			sourceTree = "<group>";
		};
		BEB04BA62AB0DE6F0087CCA1 /* Network */ = {
			isa = PBXGroup;
			children = (
				BEB04BA72AB0DE6F0087CCA1 /* DataModel */,
			);
			path = Network;
			sourceTree = "<group>";
		};
		BEB04BA72AB0DE6F0087CCA1 /* DataModel */ = {
			isa = PBXGroup;
			children = (
				BEB04BA82AB0DE6F0087CCA1 /* ErrorModel.swift */,
				BEB04BC32AB112900087CCA1 /* SearchModel.swift */,
			);
			path = DataModel;
			sourceTree = "<group>";
		};
		BEB04BA92AB0DE6F0087CCA1 /* Repositories */ = {
			isa = PBXGroup;
			children = (
				BEB04BD02AB183150087CCA1 /* DefaultSearchRepository.swift */,
			);
			path = Repositories;
			sourceTree = "<group>";
		};
		BEB04BAC2AB0EB980087CCA1 /* Domain */ = {
			isa = PBXGroup;
			children = (
				BEB04BAD2AB0EB980087CCA1 /* Interface */,
				BEB04BB02AB0EB980087CCA1 /* UseCases */,
				BEB04BB42AB0EB980087CCA1 /* Entities */,
			);
			path = Domain;
			sourceTree = "<group>";
		};
		BEB04BAD2AB0EB980087CCA1 /* Interface */ = {
			isa = PBXGroup;
			children = (
				BEB04BAE2AB0EB980087CCA1 /* Repository  */,
			);
			path = Interface;
			sourceTree = "<group>";
		};
		BEB04BAE2AB0EB980087CCA1 /* Repository  */ = {
			isa = PBXGroup;
			children = (
				BEB04BAF2AB0EB980087CCA1 /* SearchRepository.swift */,
			);
			path = "Repository ";
			sourceTree = "<group>";
		};
		BEB04BB02AB0EB980087CCA1 /* UseCases */ = {
			isa = PBXGroup;
			children = (
				BEB04BB12AB0EB980087CCA1 /* BaseUseCase.swift */,
				BEB04BB22AB0EB980087CCA1 /* Search */,
			);
			path = UseCases;
			sourceTree = "<group>";
		};
		BEB04BB22AB0EB980087CCA1 /* Search */ = {
			isa = PBXGroup;
			children = (
				BEB04BB32AB0EB980087CCA1 /* SearchUseCase.swift */,
				BEB04BD22AB190170087CCA1 /* DefaultSearchUseCase.swift */,
			);
			path = Search;
			sourceTree = "<group>";
		};
		BEB04BB42AB0EB980087CCA1 /* Entities */ = {
			isa = PBXGroup;
			children = (
				BEB04BB52AB0EB980087CCA1 /* Search */,
			);
			path = Entities;
			sourceTree = "<group>";
		};
		BEB04BB52AB0EB980087CCA1 /* Search */ = {
			isa = PBXGroup;
			children = (
				BEB04BC12AB110280087CCA1 /* DataModel.swift */,
				BEB04BB62AB0EB980087CCA1 /* ResultModel.swift */,
			);
			path = Search;
			sourceTree = "<group>";
		};
		BEB04BC52AB1145C0087CCA1 /* Common */ = {
			isa = PBXGroup;
			children = (
				BEB04BC62AB1146A0087CCA1 /* CollectionContainerView.swift */,
				BEB04BC82AB11AFE0087CCA1 /* CollectionViewCell.swift */,
			);
			path = Common;
			sourceTree = "<group>";
		};
		BEB04BD72AB1CC390087CCA1 /* FavoriteScene */ = {
			isa = PBXGroup;
			children = (
				BEB04BDB2AB1CC5F0087CCA1 /* ViewController */,
				BEB04BDA2AB1CC590087CCA1 /* View */,
				BEB04BD92AB1CC520087CCA1 /* Coordinator */,
				BEB04BD82AB1CC4A0087CCA1 /* ViewModel */,
			);
			path = FavoriteScene;
			sourceTree = "<group>";
		};
		BEB04BD82AB1CC4A0087CCA1 /* ViewModel */ = {
			isa = PBXGroup;
			children = (
				BEB04BE02AB1CD110087CCA1 /* FavoriteViewModel.swift */,
			);
			path = ViewModel;
			sourceTree = "<group>";
		};
		BEB04BD92AB1CC520087CCA1 /* Coordinator */ = {
			isa = PBXGroup;
			children = (
				BEB04BDE2AB1CD050087CCA1 /* FavoriteCoordinator.swift */,
			);
			path = Coordinator;
			sourceTree = "<group>";
		};
		BEB04BDA2AB1CC590087CCA1 /* View */ = {
			isa = PBXGroup;
			children = (
			);
			path = View;
			sourceTree = "<group>";
		};
		BEB04BDB2AB1CC5F0087CCA1 /* ViewController */ = {
			isa = PBXGroup;
			children = (
				BEB04BDC2AB1CCF50087CCA1 /* FavoriteViewController.swift */,
			);
			path = ViewController;
			sourceTree = "<group>";
		};
/* End PBXGroup section */

/* Begin PBXNativeTarget section */
		BEB04A9B2AB0886A0087CCA1 /* marvel */ = {
			isa = PBXNativeTarget;
			buildConfigurationList = BEB04AC62AB0886B0087CCA1 /* Build configuration list for PBXNativeTarget "marvel" */;
			buildPhases = (
				BEB04A982AB0886A0087CCA1 /* Sources */,
				BEB04A992AB0886A0087CCA1 /* Frameworks */,
				BEB04A9A2AB0886A0087CCA1 /* Resources */,
			);
			buildRules = (
			);
			dependencies = (
			);
			name = marvel;
			packageProductDependencies = (
				BEB04AD42AB0D0F50087CCA1 /* SnapKit */,
				BEB04AD72AB0D12A0087CCA1 /* RxCocoa */,
				BEB04AD92AB0D12A0087CCA1 /* RxRelay */,
				BEB04ADB2AB0D12A0087CCA1 /* RxSwift */,
				BEB04AEA2AB0D8C00087CCA1 /* Alamofire */,
				BEB04BCE2AB121B80087CCA1 /* Kingfisher */,
				BEB04BD52AB1A4A10087CCA1 /* Nuke */,
			);
			productName = marvel;
			productReference = BEB04A9C2AB0886A0087CCA1 /* marvel.app */;
			productType = "com.apple.product-type.application";
		};
		BEB04AB12AB0886B0087CCA1 /* marvelTests */ = {
			isa = PBXNativeTarget;
			buildConfigurationList = BEB04AC92AB0886B0087CCA1 /* Build configuration list for PBXNativeTarget "marvelTests" */;
			buildPhases = (
				BEB04AAE2AB0886B0087CCA1 /* Sources */,
				BEB04AAF2AB0886B0087CCA1 /* Frameworks */,
				BEB04AB02AB0886B0087CCA1 /* Resources */,
			);
			buildRules = (
			);
			dependencies = (
				BEB04AB42AB0886B0087CCA1 /* PBXTargetDependency */,
			);
			name = marvelTests;
			productName = marvelTests;
			productReference = BEB04AB22AB0886B0087CCA1 /* marvelTests.xctest */;
			productType = "com.apple.product-type.bundle.unit-test";
		};
		BEB04ABB2AB0886B0087CCA1 /* marvelUITests */ = {
			isa = PBXNativeTarget;
			buildConfigurationList = BEB04ACC2AB0886B0087CCA1 /* Build configuration list for PBXNativeTarget "marvelUITests" */;
			buildPhases = (
				BEB04AB82AB0886B0087CCA1 /* Sources */,
				BEB04AB92AB0886B0087CCA1 /* Frameworks */,
				BEB04ABA2AB0886B0087CCA1 /* Resources */,
			);
			buildRules = (
			);
			dependencies = (
				BEB04ABE2AB0886B0087CCA1 /* PBXTargetDependency */,
			);
			name = marvelUITests;
			productName = marvelUITests;
			productReference = BEB04ABC2AB0886B0087CCA1 /* marvelUITests.xctest */;
			productType = "com.apple.product-type.bundle.ui-testing";
		};
/* End PBXNativeTarget section */

/* Begin PBXProject section */
		BEB04A942AB0886A0087CCA1 /* Project object */ = {
			isa = PBXProject;
			attributes = {
				BuildIndependentTargetsInParallel = 1;
				LastSwiftUpdateCheck = 1430;
				LastUpgradeCheck = 1430;
				TargetAttributes = {
					BEB04A9B2AB0886A0087CCA1 = {
						CreatedOnToolsVersion = 14.3.1;
					};
					BEB04AB12AB0886B0087CCA1 = {
						CreatedOnToolsVersion = 14.3.1;
						TestTargetID = BEB04A9B2AB0886A0087CCA1;
					};
					BEB04ABB2AB0886B0087CCA1 = {
						CreatedOnToolsVersion = 14.3.1;
						TestTargetID = BEB04A9B2AB0886A0087CCA1;
					};
				};
			};
			buildConfigurationList = BEB04A972AB0886A0087CCA1 /* Build configuration list for PBXProject "marvel" */;
			compatibilityVersion = "Xcode 14.0";
			developmentRegion = en;
			hasScannedForEncodings = 0;
			knownRegions = (
				en,
				Base,
			);
			mainGroup = BEB04A932AB0886A0087CCA1;
			packageReferences = (
				BEB04AD32AB0D0F50087CCA1 /* XCRemoteSwiftPackageReference "SnapKit" */,
				BEB04AD62AB0D12A0087CCA1 /* XCRemoteSwiftPackageReference "RxSwift" */,
				BEB04AE92AB0D8C00087CCA1 /* XCRemoteSwiftPackageReference "Alamofire" */,
				BEB04BCD2AB121B80087CCA1 /* XCRemoteSwiftPackageReference "Kingfisher" */,
				BEB04BD42AB1A4A10087CCA1 /* XCRemoteSwiftPackageReference "Nuke" */,
			);
			productRefGroup = BEB04A9D2AB0886A0087CCA1 /* Products */;
			projectDirPath = "";
			projectRoot = "";
			targets = (
				BEB04A9B2AB0886A0087CCA1 /* marvel */,
				BEB04AB12AB0886B0087CCA1 /* marvelTests */,
				BEB04ABB2AB0886B0087CCA1 /* marvelUITests */,
			);
		};
/* End PBXProject section */

/* Begin PBXResourcesBuildPhase section */
		BEB04A9A2AB0886A0087CCA1 /* Resources */ = {
			isa = PBXResourcesBuildPhase;
			buildActionMask = 2147483647;
			files = (
				BEB04AAC2AB0886B0087CCA1 /* LaunchScreen.storyboard in Resources */,
				BEB04AA92AB0886B0087CCA1 /* Assets.xcassets in Resources */,
				BEB04AA72AB0886A0087CCA1 /* Main.storyboard in Resources */,
			);
			runOnlyForDeploymentPostprocessing = 0;
		};
		BEB04AB02AB0886B0087CCA1 /* Resources */ = {
			isa = PBXResourcesBuildPhase;
			buildActionMask = 2147483647;
			files = (
			);
			runOnlyForDeploymentPostprocessing = 0;
		};
		BEB04ABA2AB0886B0087CCA1 /* Resources */ = {
			isa = PBXResourcesBuildPhase;
			buildActionMask = 2147483647;
			files = (
			);
			runOnlyForDeploymentPostprocessing = 0;
		};
/* End PBXResourcesBuildPhase section */

/* Begin PBXSourcesBuildPhase section */
		BEB04A982AB0886A0087CCA1 /* Sources */ = {
			isa = PBXSourcesBuildPhase;
			buildActionMask = 2147483647;
			files = (
				BEB04BC72AB1146A0087CCA1 /* CollectionContainerView.swift in Sources */,
				BEB04BB82AB0EB980087CCA1 /* BaseUseCase.swift in Sources */,
				BEB04BD12AB183150087CCA1 /* DefaultSearchRepository.swift in Sources */,
				BEB04BC92AB11AFE0087CCA1 /* CollectionViewCell.swift in Sources */,
				BEB04B482AB0DC550087CCA1 /* UIFont+.swift in Sources */,
				BEB04B882AB0DC550087CCA1 /* Log.swift in Sources */,
				BEB04B582AB0DC550087CCA1 /* NSMutableAttributedString+.swift in Sources */,
				BEB04B8E2AB0DC550087CCA1 /* BaseViewController.swift in Sources */,
				BEB04BDF2AB1CD050087CCA1 /* FavoriteCoordinator.swift in Sources */,
				BEB04B442AB0DC550087CCA1 /* Float+.swift in Sources */,
				BEB04B462AB0DC550087CCA1 /* UIDevice+.swift in Sources */,
				BEB04B422AB0DC550087CCA1 /* Reactive+.swift in Sources */,
				BEB04BDD2AB1CCF50087CCA1 /* FavoriteViewController.swift in Sources */,
				BEB04B622AB0DC550087CCA1 /* Dictionary+.swift in Sources */,
				BEB04B9A2AB0DC550087CCA1 /* AppDelegate.swift in Sources */,
				BEB04B922AB0DC550087CCA1 /* BaseNavigationController.swift in Sources */,
				BEB04BBA2AB0EB980087CCA1 /* ResultModel.swift in Sources */,
				BEB04B522AB0DC550087CCA1 /* UIBezierPath+.swift in Sources */,
				BEB04B6C2AB0DC550087CCA1 /* UITextField+.swift in Sources */,
				BEB04B3A2AB0DC550087CCA1 /* UINavigationController+.swift in Sources */,
				BEB04BD32AB190170087CCA1 /* DefaultSearchUseCase.swift in Sources */,
				BEB04B662AB0DC550087CCA1 /* UIbutton+.swift in Sources */,
				BEB04B8A2AB0DC550087CCA1 /* Reusable.swift in Sources */,
				BEB04BBE2AB0FBF00087CCA1 /* TabPage.swift in Sources */,
				BEB04AA42AB0886A0087CCA1 /* ViewController.swift in Sources */,
				BEB04B5C2AB0DC550087CCA1 /* Data+.swift in Sources */,
				BEB04B3C2AB0DC550087CCA1 /* CALayer+.swift in Sources */,
				BEB04B8C2AB0DC550087CCA1 /* Orientation.swift in Sources */,
				BEB04B682AB0DC550087CCA1 /* UICollectionView+.swift in Sources */,
				BEB04B742AB0DC550087CCA1 /* UITableView+.swift in Sources */,
				BEB04B542AB0DC550087CCA1 /* UIView+.swift in Sources */,
				BEB04B5E2AB0DC550087CCA1 /* UIImageView+.swift in Sources */,
				BEB04B9E2AB0DC550087CCA1 /* SearchViewModel.swift in Sources */,
				BEB04B562AB0DC550087CCA1 /* String+.swift in Sources */,
				BEB04B802AB0DC550087CCA1 /* ErrorMessage.swift in Sources */,
				BEB04BAA2AB0DE6F0087CCA1 /* ErrorModel.swift in Sources */,
				BEB04B7A2AB0DC550087CCA1 /* UIScreen+.swift in Sources */,
				BEB04B602AB0DC550087CCA1 /* UIViewController+.swift in Sources */,
				BEB04B9C2AB0DC550087CCA1 /* SceneDelegate.swift in Sources */,
				BEB04B382AB0DC550087CCA1 /* UITapGestureRecognizer+.swift in Sources */,
				BEB04B642AB0DC550087CCA1 /* UILabel+.swift in Sources */,
				BEB04B862AB0DC550087CCA1 /* NetworkManager.swift in Sources */,
				BEB04B722AB0DC550087CCA1 /* UIControl+.swift in Sources */,
				BEB04BB72AB0EB980087CCA1 /* SearchRepository.swift in Sources */,
				BEB04BC42AB112900087CCA1 /* SearchModel.swift in Sources */,
				BEB04B4A2AB0DC550087CCA1 /* UITableViewCell+.swift in Sources */,
				BEB04B942AB0DC550087CCA1 /* BaseCoordinator.swift in Sources */,
				BEB04B502AB0DC550087CCA1 /* UITextView+.swift in Sources */,
				BEB04BC02AB1056F0087CCA1 /* MD5.swift in Sources */,
				BEB04B4E2AB0DC550087CCA1 /* UISegmentedControl+.swift in Sources */,
				BEB04B402AB0DC550087CCA1 /* UIViewController+popup..swift in Sources */,
				BEB04BC22AB110280087CCA1 /* DataModel.swift in Sources */,
				BEB04BB92AB0EB980087CCA1 /* SearchUseCase.swift in Sources */,
				BEB04B982AB0DC550087CCA1 /* AppCoordinator.swift in Sources */,
				BEB04B842AB0DC550087CCA1 /* AppManager.swift in Sources */,
				BEB04B962AB0DC550087CCA1 /* BaseView.swift in Sources */,
				BEB04B3E2AB0DC550087CCA1 /* Int+.swift in Sources */,
				BEB04BBC2AB0FBBF0087CCA1 /* TabCoordinator.swift in Sources */,
				BEB04B762AB0DC550087CCA1 /* UIApplication+.swift in Sources */,
				BEB04B6A2AB0DC550087CCA1 /* UIScrollView+.swift in Sources */,
				BEB04B902AB0DC550087CCA1 /* BaseViewModel.swift in Sources */,
				BEB04BA02AB0DC550087CCA1 /* SearchCoordinator.swift in Sources */,
				BEB04B702AB0DC550087CCA1 /* UIImage+.swift in Sources */,
				BEB04B6E2AB0DC550087CCA1 /* Date+.swift in Sources */,
				BEB04B822AB0DC550087CCA1 /* ModelParser.swift in Sources */,
				BEB04BA22AB0DC550087CCA1 /* SearchViewController.swift in Sources */,
				BEB04B4C2AB0DC550087CCA1 /* Encodable+.swift in Sources */,
				BEB04B5A2AB0DC550087CCA1 /* UIWindow+.swift in Sources */,
				BEB04B7C2AB0DC550087CCA1 /* UrlList.swift in Sources */,
				BEB04BE12AB1CD110087CCA1 /* FavoriteViewModel.swift in Sources */,
				BEB04B782AB0DC550087CCA1 /* UIColor+.swift in Sources */,
			);
			runOnlyForDeploymentPostprocessing = 0;
		};
		BEB04AAE2AB0886B0087CCA1 /* Sources */ = {
			isa = PBXSourcesBuildPhase;
			buildActionMask = 2147483647;
			files = (
				BEB04BAB2AB0DE6F0087CCA1 /* ErrorModel.swift in Sources */,
				BEB04AB72AB0886B0087CCA1 /* marvelTests.swift in Sources */,
			);
			runOnlyForDeploymentPostprocessing = 0;
		};
		BEB04AB82AB0886B0087CCA1 /* Sources */ = {
			isa = PBXSourcesBuildPhase;
			buildActionMask = 2147483647;
			files = (
				BEB04AC12AB0886B0087CCA1 /* marvelUITests.swift in Sources */,
				BEB04AC32AB0886B0087CCA1 /* marvelUITestsLaunchTests.swift in Sources */,
			);
			runOnlyForDeploymentPostprocessing = 0;
		};
/* End PBXSourcesBuildPhase section */

/* Begin PBXTargetDependency section */
		BEB04AB42AB0886B0087CCA1 /* PBXTargetDependency */ = {
			isa = PBXTargetDependency;
			target = BEB04A9B2AB0886A0087CCA1 /* marvel */;
			targetProxy = BEB04AB32AB0886B0087CCA1 /* PBXContainerItemProxy */;
		};
		BEB04ABE2AB0886B0087CCA1 /* PBXTargetDependency */ = {
			isa = PBXTargetDependency;
			target = BEB04A9B2AB0886A0087CCA1 /* marvel */;
			targetProxy = BEB04ABD2AB0886B0087CCA1 /* PBXContainerItemProxy */;
		};
/* End PBXTargetDependency section */

/* Begin PBXVariantGroup section */
		BEB04AA52AB0886A0087CCA1 /* Main.storyboard */ = {
			isa = PBXVariantGroup;
			children = (
				BEB04AA62AB0886A0087CCA1 /* Base */,
			);
			name = Main.storyboard;
			sourceTree = "<group>";
		};
		BEB04AAA2AB0886B0087CCA1 /* LaunchScreen.storyboard */ = {
			isa = PBXVariantGroup;
			children = (
				BEB04AAB2AB0886B0087CCA1 /* Base */,
			);
			name = LaunchScreen.storyboard;
			sourceTree = "<group>";
		};
/* End PBXVariantGroup section */

/* Begin XCBuildConfiguration section */
		BEB04AC42AB0886B0087CCA1 /* Debug */ = {
			isa = XCBuildConfiguration;
			buildSettings = {
				ALWAYS_SEARCH_USER_PATHS = NO;
				CLANG_ANALYZER_NONNULL = YES;
				CLANG_ANALYZER_NUMBER_OBJECT_CONVERSION = YES_AGGRESSIVE;
				CLANG_CXX_LANGUAGE_STANDARD = "gnu++20";
				CLANG_ENABLE_MODULES = YES;
				CLANG_ENABLE_OBJC_ARC = YES;
				CLANG_ENABLE_OBJC_WEAK = YES;
				CLANG_WARN_BLOCK_CAPTURE_AUTORELEASING = YES;
				CLANG_WARN_BOOL_CONVERSION = YES;
				CLANG_WARN_COMMA = YES;
				CLANG_WARN_CONSTANT_CONVERSION = YES;
				CLANG_WARN_DEPRECATED_OBJC_IMPLEMENTATIONS = YES;
				CLANG_WARN_DIRECT_OBJC_ISA_USAGE = YES_ERROR;
				CLANG_WARN_DOCUMENTATION_COMMENTS = YES;
				CLANG_WARN_EMPTY_BODY = YES;
				CLANG_WARN_ENUM_CONVERSION = YES;
				CLANG_WARN_INFINITE_RECURSION = YES;
				CLANG_WARN_INT_CONVERSION = YES;
				CLANG_WARN_NON_LITERAL_NULL_CONVERSION = YES;
				CLANG_WARN_OBJC_IMPLICIT_RETAIN_SELF = YES;
				CLANG_WARN_OBJC_LITERAL_CONVERSION = YES;
				CLANG_WARN_OBJC_ROOT_CLASS = YES_ERROR;
				CLANG_WARN_QUOTED_INCLUDE_IN_FRAMEWORK_HEADER = YES;
				CLANG_WARN_RANGE_LOOP_ANALYSIS = YES;
				CLANG_WARN_STRICT_PROTOTYPES = YES;
				CLANG_WARN_SUSPICIOUS_MOVE = YES;
				CLANG_WARN_UNGUARDED_AVAILABILITY = YES_AGGRESSIVE;
				CLANG_WARN_UNREACHABLE_CODE = YES;
				CLANG_WARN__DUPLICATE_METHOD_MATCH = YES;
				COPY_PHASE_STRIP = NO;
				DEBUG_INFORMATION_FORMAT = dwarf;
				ENABLE_STRICT_OBJC_MSGSEND = YES;
				ENABLE_TESTABILITY = YES;
				GCC_C_LANGUAGE_STANDARD = gnu11;
				GCC_DYNAMIC_NO_PIC = NO;
				GCC_NO_COMMON_BLOCKS = YES;
				GCC_OPTIMIZATION_LEVEL = 0;
				GCC_PREPROCESSOR_DEFINITIONS = (
					"DEBUG=1",
					"$(inherited)",
				);
				GCC_WARN_64_TO_32_BIT_CONVERSION = YES;
				GCC_WARN_ABOUT_RETURN_TYPE = YES_ERROR;
				GCC_WARN_UNDECLARED_SELECTOR = YES;
				GCC_WARN_UNINITIALIZED_AUTOS = YES_AGGRESSIVE;
				GCC_WARN_UNUSED_FUNCTION = YES;
				GCC_WARN_UNUSED_VARIABLE = YES;
				IPHONEOS_DEPLOYMENT_TARGET = 12.0;
				MTL_ENABLE_DEBUG_INFO = INCLUDE_SOURCE;
				MTL_FAST_MATH = YES;
				ONLY_ACTIVE_ARCH = YES;
				SDKROOT = iphoneos;
				SWIFT_ACTIVE_COMPILATION_CONDITIONS = DEBUG;
				SWIFT_OPTIMIZATION_LEVEL = "-Onone";
			};
			name = Debug;
		};
		BEB04AC52AB0886B0087CCA1 /* Release */ = {
			isa = XCBuildConfiguration;
			buildSettings = {
				ALWAYS_SEARCH_USER_PATHS = NO;
				CLANG_ANALYZER_NONNULL = YES;
				CLANG_ANALYZER_NUMBER_OBJECT_CONVERSION = YES_AGGRESSIVE;
				CLANG_CXX_LANGUAGE_STANDARD = "gnu++20";
				CLANG_ENABLE_MODULES = YES;
				CLANG_ENABLE_OBJC_ARC = YES;
				CLANG_ENABLE_OBJC_WEAK = YES;
				CLANG_WARN_BLOCK_CAPTURE_AUTORELEASING = YES;
				CLANG_WARN_BOOL_CONVERSION = YES;
				CLANG_WARN_COMMA = YES;
				CLANG_WARN_CONSTANT_CONVERSION = YES;
				CLANG_WARN_DEPRECATED_OBJC_IMPLEMENTATIONS = YES;
				CLANG_WARN_DIRECT_OBJC_ISA_USAGE = YES_ERROR;
				CLANG_WARN_DOCUMENTATION_COMMENTS = YES;
				CLANG_WARN_EMPTY_BODY = YES;
				CLANG_WARN_ENUM_CONVERSION = YES;
				CLANG_WARN_INFINITE_RECURSION = YES;
				CLANG_WARN_INT_CONVERSION = YES;
				CLANG_WARN_NON_LITERAL_NULL_CONVERSION = YES;
				CLANG_WARN_OBJC_IMPLICIT_RETAIN_SELF = YES;
				CLANG_WARN_OBJC_LITERAL_CONVERSION = YES;
				CLANG_WARN_OBJC_ROOT_CLASS = YES_ERROR;
				CLANG_WARN_QUOTED_INCLUDE_IN_FRAMEWORK_HEADER = YES;
				CLANG_WARN_RANGE_LOOP_ANALYSIS = YES;
				CLANG_WARN_STRICT_PROTOTYPES = YES;
				CLANG_WARN_SUSPICIOUS_MOVE = YES;
				CLANG_WARN_UNGUARDED_AVAILABILITY = YES_AGGRESSIVE;
				CLANG_WARN_UNREACHABLE_CODE = YES;
				CLANG_WARN__DUPLICATE_METHOD_MATCH = YES;
				COPY_PHASE_STRIP = NO;
				DEBUG_INFORMATION_FORMAT = "dwarf-with-dsym";
				ENABLE_NS_ASSERTIONS = NO;
				ENABLE_STRICT_OBJC_MSGSEND = YES;
				GCC_C_LANGUAGE_STANDARD = gnu11;
				GCC_NO_COMMON_BLOCKS = YES;
				GCC_WARN_64_TO_32_BIT_CONVERSION = YES;
				GCC_WARN_ABOUT_RETURN_TYPE = YES_ERROR;
				GCC_WARN_UNDECLARED_SELECTOR = YES;
				GCC_WARN_UNINITIALIZED_AUTOS = YES_AGGRESSIVE;
				GCC_WARN_UNUSED_FUNCTION = YES;
				GCC_WARN_UNUSED_VARIABLE = YES;
				IPHONEOS_DEPLOYMENT_TARGET = 12.0;
				MTL_ENABLE_DEBUG_INFO = NO;
				MTL_FAST_MATH = YES;
				SDKROOT = iphoneos;
				SWIFT_COMPILATION_MODE = wholemodule;
				SWIFT_OPTIMIZATION_LEVEL = "-O";
				VALIDATE_PRODUCT = YES;
			};
			name = Release;
		};
		BEB04AC72AB0886B0087CCA1 /* Debug */ = {
			isa = XCBuildConfiguration;
			buildSettings = {
				ASSETCATALOG_COMPILER_APPICON_NAME = AppIcon;
				ASSETCATALOG_COMPILER_GLOBAL_ACCENT_COLOR_NAME = AccentColor;
				CODE_SIGN_STYLE = Automatic;
				CURRENT_PROJECT_VERSION = 0;
				DEVELOPMENT_TEAM = 22C39YBP8L;
				ENABLE_TESTING_SEARCH_PATHS = YES;
				"EXCLUDED_ARCHS[sdk=iphonesimulator*]" = arm64;
				GENERATE_INFOPLIST_FILE = YES;
				INFOPLIST_FILE = marvel/Info.plist;
				INFOPLIST_KEY_LSApplicationCategoryType = "public.app-category.entertainment";
				INFOPLIST_KEY_UIApplicationSupportsIndirectInputEvents = YES;
				INFOPLIST_KEY_UILaunchStoryboardName = LaunchScreen.storyboard;
				INFOPLIST_KEY_UIMainStoryboardFile = Main;
				INFOPLIST_KEY_UISupportedInterfaceOrientations = UIInterfaceOrientationPortrait;
				IPHONEOS_DEPLOYMENT_TARGET = 13.0;
				LD_RUNPATH_SEARCH_PATHS = (
					"$(inherited)",
					"@executable_path/Frameworks",
				);
				MARKETING_VERSION = 1.0.0;
				PRODUCT_BUNDLE_IDENTIFIER = shopLive.marvel;
				PRODUCT_NAME = "$(TARGET_NAME)";
				SUPPORTED_PLATFORMS = "iphoneos iphonesimulator";
				SUPPORTS_MACCATALYST = NO;
				SUPPORTS_MAC_DESIGNED_FOR_IPHONE_IPAD = NO;
				SWIFT_EMIT_LOC_STRINGS = YES;
				SWIFT_VERSION = 5.0;
				TARGETED_DEVICE_FAMILY = 1;
			};
			name = Debug;
		};
		BEB04AC82AB0886B0087CCA1 /* Release */ = {
			isa = XCBuildConfiguration;
			buildSettings = {
				ASSETCATALOG_COMPILER_APPICON_NAME = AppIcon;
				ASSETCATALOG_COMPILER_GLOBAL_ACCENT_COLOR_NAME = AccentColor;
				CODE_SIGN_STYLE = Automatic;
				CURRENT_PROJECT_VERSION = 0;
				DEVELOPMENT_TEAM = 22C39YBP8L;
				ENABLE_TESTING_SEARCH_PATHS = YES;
				"EXCLUDED_ARCHS[sdk=iphonesimulator*]" = arm64;
				GENERATE_INFOPLIST_FILE = YES;
				INFOPLIST_FILE = marvel/Info.plist;
				INFOPLIST_KEY_LSApplicationCategoryType = "public.app-category.entertainment";
				INFOPLIST_KEY_UIApplicationSupportsIndirectInputEvents = YES;
				INFOPLIST_KEY_UILaunchStoryboardName = LaunchScreen.storyboard;
				INFOPLIST_KEY_UIMainStoryboardFile = Main;
				INFOPLIST_KEY_UISupportedInterfaceOrientations = UIInterfaceOrientationPortrait;
				IPHONEOS_DEPLOYMENT_TARGET = 13.0;
				LD_RUNPATH_SEARCH_PATHS = (
					"$(inherited)",
					"@executable_path/Frameworks",
				);
				MARKETING_VERSION = 1.0.0;
				PRODUCT_BUNDLE_IDENTIFIER = shopLive.marvel;
				PRODUCT_NAME = "$(TARGET_NAME)";
				SUPPORTED_PLATFORMS = "iphoneos iphonesimulator";
				SUPPORTS_MACCATALYST = NO;
				SUPPORTS_MAC_DESIGNED_FOR_IPHONE_IPAD = NO;
				SWIFT_EMIT_LOC_STRINGS = YES;
				SWIFT_VERSION = 5.0;
				TARGETED_DEVICE_FAMILY = 1;
			};
			name = Release;
		};
		BEB04ACA2AB0886B0087CCA1 /* Debug */ = {
			isa = XCBuildConfiguration;
			buildSettings = {
				ALWAYS_EMBED_SWIFT_STANDARD_LIBRARIES = YES;
				BUNDLE_LOADER = "$(TEST_HOST)";
				CODE_SIGN_STYLE = Automatic;
				CURRENT_PROJECT_VERSION = 1;
				DEVELOPMENT_TEAM = 22C39YBP8L;
				GENERATE_INFOPLIST_FILE = YES;
				IPHONEOS_DEPLOYMENT_TARGET = 16.4;
				MARKETING_VERSION = 1.0;
				PRODUCT_BUNDLE_IDENTIFIER = shopLive.marvelTests;
				PRODUCT_NAME = "$(TARGET_NAME)";
				SWIFT_EMIT_LOC_STRINGS = NO;
				SWIFT_VERSION = 5.0;
				TARGETED_DEVICE_FAMILY = "1,2";
				TEST_HOST = "$(BUILT_PRODUCTS_DIR)/marvel.app/$(BUNDLE_EXECUTABLE_FOLDER_PATH)/marvel";
			};
			name = Debug;
		};
		BEB04ACB2AB0886B0087CCA1 /* Release */ = {
			isa = XCBuildConfiguration;
			buildSettings = {
				ALWAYS_EMBED_SWIFT_STANDARD_LIBRARIES = YES;
				BUNDLE_LOADER = "$(TEST_HOST)";
				CODE_SIGN_STYLE = Automatic;
				CURRENT_PROJECT_VERSION = 1;
				DEVELOPMENT_TEAM = 22C39YBP8L;
				GENERATE_INFOPLIST_FILE = YES;
				IPHONEOS_DEPLOYMENT_TARGET = 16.4;
				MARKETING_VERSION = 1.0;
				PRODUCT_BUNDLE_IDENTIFIER = shopLive.marvelTests;
				PRODUCT_NAME = "$(TARGET_NAME)";
				SWIFT_EMIT_LOC_STRINGS = NO;
				SWIFT_VERSION = 5.0;
				TARGETED_DEVICE_FAMILY = "1,2";
				TEST_HOST = "$(BUILT_PRODUCTS_DIR)/marvel.app/$(BUNDLE_EXECUTABLE_FOLDER_PATH)/marvel";
			};
			name = Release;
		};
		BEB04ACD2AB0886B0087CCA1 /* Debug */ = {
			isa = XCBuildConfiguration;
			buildSettings = {
				ALWAYS_EMBED_SWIFT_STANDARD_LIBRARIES = YES;
				CODE_SIGN_STYLE = Automatic;
				CURRENT_PROJECT_VERSION = 1;
				DEVELOPMENT_TEAM = 22C39YBP8L;
				GENERATE_INFOPLIST_FILE = YES;
				MARKETING_VERSION = 1.0;
				PRODUCT_BUNDLE_IDENTIFIER = shopLive.marvelUITests;
				PRODUCT_NAME = "$(TARGET_NAME)";
				SWIFT_EMIT_LOC_STRINGS = NO;
				SWIFT_VERSION = 5.0;
				TARGETED_DEVICE_FAMILY = "1,2";
				TEST_TARGET_NAME = marvel;
			};
			name = Debug;
		};
		BEB04ACE2AB0886B0087CCA1 /* Release */ = {
			isa = XCBuildConfiguration;
			buildSettings = {
				ALWAYS_EMBED_SWIFT_STANDARD_LIBRARIES = YES;
				CODE_SIGN_STYLE = Automatic;
				CURRENT_PROJECT_VERSION = 1;
				DEVELOPMENT_TEAM = 22C39YBP8L;
				GENERATE_INFOPLIST_FILE = YES;
				MARKETING_VERSION = 1.0;
				PRODUCT_BUNDLE_IDENTIFIER = shopLive.marvelUITests;
				PRODUCT_NAME = "$(TARGET_NAME)";
				SWIFT_EMIT_LOC_STRINGS = NO;
				SWIFT_VERSION = 5.0;
				TARGETED_DEVICE_FAMILY = "1,2";
				TEST_TARGET_NAME = marvel;
			};
			name = Release;
		};
/* End XCBuildConfiguration section */

/* Begin XCConfigurationList section */
		BEB04A972AB0886A0087CCA1 /* Build configuration list for PBXProject "marvel" */ = {
			isa = XCConfigurationList;
			buildConfigurations = (
				BEB04AC42AB0886B0087CCA1 /* Debug */,
				BEB04AC52AB0886B0087CCA1 /* Release */,
			);
			defaultConfigurationIsVisible = 0;
			defaultConfigurationName = Release;
		};
		BEB04AC62AB0886B0087CCA1 /* Build configuration list for PBXNativeTarget "marvel" */ = {
			isa = XCConfigurationList;
			buildConfigurations = (
				BEB04AC72AB0886B0087CCA1 /* Debug */,
				BEB04AC82AB0886B0087CCA1 /* Release */,
			);
			defaultConfigurationIsVisible = 0;
			defaultConfigurationName = Release;
		};
		BEB04AC92AB0886B0087CCA1 /* Build configuration list for PBXNativeTarget "marvelTests" */ = {
			isa = XCConfigurationList;
			buildConfigurations = (
				BEB04ACA2AB0886B0087CCA1 /* Debug */,
				BEB04ACB2AB0886B0087CCA1 /* Release */,
			);
			defaultConfigurationIsVisible = 0;
			defaultConfigurationName = Release;
		};
		BEB04ACC2AB0886B0087CCA1 /* Build configuration list for PBXNativeTarget "marvelUITests" */ = {
			isa = XCConfigurationList;
			buildConfigurations = (
				BEB04ACD2AB0886B0087CCA1 /* Debug */,
				BEB04ACE2AB0886B0087CCA1 /* Release */,
			);
			defaultConfigurationIsVisible = 0;
			defaultConfigurationName = Release;
		};
/* End XCConfigurationList section */

/* Begin XCRemoteSwiftPackageReference section */
		BEB04AD32AB0D0F50087CCA1 /* XCRemoteSwiftPackageReference "SnapKit" */ = {
			isa = XCRemoteSwiftPackageReference;
			repositoryURL = "https://github.com/SnapKit/SnapKit";
			requirement = {
				kind = upToNextMajorVersion;
				minimumVersion = 5.0.0;
			};
		};
		BEB04AD62AB0D12A0087CCA1 /* XCRemoteSwiftPackageReference "RxSwift" */ = {
			isa = XCRemoteSwiftPackageReference;
			repositoryURL = "https://github.com/ReactiveX/RxSwift.git";
			requirement = {
				kind = upToNextMajorVersion;
				minimumVersion = 6.0.0;
			};
		};
		BEB04AE92AB0D8C00087CCA1 /* XCRemoteSwiftPackageReference "Alamofire" */ = {
			isa = XCRemoteSwiftPackageReference;
			repositoryURL = "https://github.com/Alamofire/Alamofire.git";
			requirement = {
				kind = upToNextMajorVersion;
				minimumVersion = 5.0.0;
			};
		};
		BEB04BCD2AB121B80087CCA1 /* XCRemoteSwiftPackageReference "Kingfisher" */ = {
			isa = XCRemoteSwiftPackageReference;
			repositoryURL = "https://github.com/onevcat/Kingfisher.git";
			requirement = {
				kind = upToNextMajorVersion;
				minimumVersion = 7.0.0;
			};
		};
		BEB04BD42AB1A4A10087CCA1 /* XCRemoteSwiftPackageReference "Nuke" */ = {
			isa = XCRemoteSwiftPackageReference;
			repositoryURL = "https://github.com/kean/Nuke.git";
			requirement = {
				kind = upToNextMajorVersion;
				minimumVersion = 10.0.0;
			};
		};
/* End XCRemoteSwiftPackageReference section */

/* Begin XCSwiftPackageProductDependency section */
		BEB04AD42AB0D0F50087CCA1 /* SnapKit */ = {
			isa = XCSwiftPackageProductDependency;
			package = BEB04AD32AB0D0F50087CCA1 /* XCRemoteSwiftPackageReference "SnapKit" */;
			productName = SnapKit;
		};
		BEB04AD72AB0D12A0087CCA1 /* RxCocoa */ = {
			isa = XCSwiftPackageProductDependency;
			package = BEB04AD62AB0D12A0087CCA1 /* XCRemoteSwiftPackageReference "RxSwift" */;
			productName = RxCocoa;
		};
		BEB04AD92AB0D12A0087CCA1 /* RxRelay */ = {
			isa = XCSwiftPackageProductDependency;
			package = BEB04AD62AB0D12A0087CCA1 /* XCRemoteSwiftPackageReference "RxSwift" */;
			productName = RxRelay;
		};
		BEB04ADB2AB0D12A0087CCA1 /* RxSwift */ = {
			isa = XCSwiftPackageProductDependency;
			package = BEB04AD62AB0D12A0087CCA1 /* XCRemoteSwiftPackageReference "RxSwift" */;
			productName = RxSwift;
		};
		BEB04AEA2AB0D8C00087CCA1 /* Alamofire */ = {
			isa = XCSwiftPackageProductDependency;
			package = BEB04AE92AB0D8C00087CCA1 /* XCRemoteSwiftPackageReference "Alamofire" */;
			productName = Alamofire;
		};
		BEB04BCE2AB121B80087CCA1 /* Kingfisher */ = {
			isa = XCSwiftPackageProductDependency;
			package = BEB04BCD2AB121B80087CCA1 /* XCRemoteSwiftPackageReference "Kingfisher" */;
			productName = Kingfisher;
		};
		BEB04BD52AB1A4A10087CCA1 /* Nuke */ = {
			isa = XCSwiftPackageProductDependency;
			package = BEB04BD42AB1A4A10087CCA1 /* XCRemoteSwiftPackageReference "Nuke" */;
			productName = Nuke;
		};
/* End XCSwiftPackageProductDependency section */
	};
	rootObject = BEB04A942AB0886A0087CCA1 /* Project object */;
}
